
Microsoft Visual Studio Solution File, Format Version 12.00
# Visual Studio Version 17
VisualStudioVersion = 17.3.32819.101
MinimumVisualStudioVersion = 10.0.40219.1
Project("{FAE04EC0-301F-11D3-BF4B-00C04F79EFBC}") = "ConsoleLibrary", "ConsoleLibrary\ConsoleLibrary.csproj", "{43C9D067-92BC-4967-AAF8-6DB1E73535BA}"
EndProject
Global
	GlobalSection(SolutionConfigurationPlatforms) = preSolution
		Debug|Any CPU = Debug|Any CPU
		Release|Any CPU = Release|Any CPU
	EndGlobalSection
	GlobalSection(ProjectConfigurationPlatforms) = postSolution
		{43C9D067-92BC-4967-AAF8-6DB1E73535BA}.Debug|Any CPU.ActiveCfg = Debug|Any CPU
		{43C9D067-92BC-4967-AAF8-6DB1E73535BA}.Debug|Any CPU.Build.0 = Debug|Any CPU
		{43C9D067-92BC-4967-AAF8-6DB1E73535BA}.Release|Any CPU.ActiveCfg = Release|Any CPU
		{43C9D067-92BC-4967-AAF8-6DB1E73535BA}.Release|Any CPU.Build.0 = Release|Any CPU
	EndGlobalSection
	GlobalSection(SolutionProperties) = preSolution
		HideSolutionNode = FALSE
	EndGlobalSection
	GlobalSection(ExtensibilityGlobals) = postSolution
		SolutionGuid = {55822192-DE9F-4F8A-B348-041C99C32B11}
	EndGlobalSection
EndGlobal
